// !$*UTF8*$!
{
	archiveVersion = 1;
	classes = {
	};
	objectVersion = 46;
	objects = {

/* Begin PBXBuildFile section */
		DB0326AA1B1743C10078AD9D /* main.m in Sources */ = {isa = PBXBuildFile; fileRef = DB0326A91B1743C10078AD9D /* main.m */; };
		DB0326AD1B1743C10078AD9D /* AppDelegate.m in Sources */ = {isa = PBXBuildFile; fileRef = DB0326AC1B1743C10078AD9D /* AppDelegate.m */; };
		DB0326AF1B1743C10078AD9D /* Images.xcassets in Resources */ = {isa = PBXBuildFile; fileRef = DB0326AE1B1743C10078AD9D /* Images.xcassets */; };
		DB0326B21B1743C10078AD9D /* LaunchScreen.xib in Resources */ = {isa = PBXBuildFile; fileRef = DB0326B01B1743C10078AD9D /* LaunchScreen.xib */; };
		DB0326BE1B1743C10078AD9D /* ____Tests.m in Sources */ = {isa = PBXBuildFile; fileRef = DB0326BD1B1743C10078AD9D /* ____Tests.m */; };
/* End PBXBuildFile section */

/* Begin PBXContainerItemProxy section */
		DB0326B81B1743C10078AD9D /* PBXContainerItemProxy */ = {
			isa = PBXContainerItemProxy;
			containerPortal = DB03269C1B1743C00078AD9D /* Project object */;
			proxyType = 1;
			remoteGlobalIDString = DB0326A31B1743C10078AD9D;
			remoteInfo = "燕庐母婴";
		};
/* End PBXContainerItemProxy section */

/* Begin PBXFileReference section */
		DB0326A41B1743C10078AD9D /* 燕庐母婴.app */ = {isa = PBXFileReference; explicitFileType = wrapper.application; includeInIndex = 0; path = "燕庐母婴.app"; sourceTree = BUILT_PRODUCTS_DIR; };
		DB0326A81B1743C10078AD9D /* Info.plist */ = {isa = PBXFileReference; lastKnownFileType = text.plist.xml; path = Info.plist; sourceTree = "<group>"; };
		DB0326A91B1743C10078AD9D /* main.m */ = {isa = PBXFileReference; lastKnownFileType = sourcecode.c.objc; path = main.m; sourceTree = "<group>"; };
		DB0326AB1B1743C10078AD9D /* AppDelegate.h */ = {isa = PBXFileReference; lastKnownFileType = sourcecode.c.h; path = AppDelegate.h; sourceTree = "<group>"; };
		DB0326AC1B1743C10078AD9D /* AppDelegate.m */ = {isa = PBXFileReference; lastKnownFileType = sourcecode.c.objc; path = AppDelegate.m; sourceTree = "<group>"; };
		DB0326AE1B1743C10078AD9D /* Images.xcassets */ = {isa = PBXFileReference; lastKnownFileType = folder.assetcatalog; path = Images.xcassets; sourceTree = "<group>"; };
		DB0326B11B1743C10078AD9D /* Base */ = {isa = PBXFileReference; lastKnownFileType = file.xib; name = Base; path = Base.lproj/LaunchScreen.xib; sourceTree = "<group>"; };
		DB0326B71B1743C10078AD9D /* 燕庐母婴Tests.xctest */ = {isa = PBXFileReference; explicitFileType = wrapper.cfbundle; includeInIndex = 0; path = "燕庐母婴Tests.xctest"; sourceTree = BUILT_PRODUCTS_DIR; };
		DB0326BC1B1743C10078AD9D /* Info.plist */ = {isa = PBXFileReference; lastKnownFileType = text.plist.xml; path = Info.plist; sourceTree = "<group>"; };
		DB0326BD1B1743C10078AD9D /* ____Tests.m */ = {isa = PBXFileReference; lastKnownFileType = sourcecode.c.objc; path = "____Tests.m"; sourceTree = "<group>"; };
/* End PBXFileReference section */

/* Begin PBXFrameworksBuildPhase section */
		DB0326A11B1743C10078AD9D /* Frameworks */ = {
			isa = PBXFrameworksBuildPhase;
			buildActionMask = 2147483647;
			files = (
			);
			runOnlyForDeploymentPostprocessing = 0;
		};
		DB0326B41B1743C10078AD9D /* Frameworks */ = {
			isa = PBXFrameworksBuildPhase;
			buildActionMask = 2147483647;
			files = (
			);
			runOnlyForDeploymentPostprocessing = 0;
		};
/* End PBXFrameworksBuildPhase section */

/* Begin PBXGroup section */
		DB03269B1B1743C00078AD9D = {
			isa = PBXGroup;
			children = (
				DB0326A61B1743C10078AD9D /* 燕庐母婴 */,
				DB0326BA1B1743C10078AD9D /* 燕庐母婴Tests */,
				DB0326A51B1743C10078AD9D /* Products */,
			);
			sourceTree = "<group>";
		};
		DB0326A51B1743C10078AD9D /* Products */ = {
			isa = PBXGroup;
			children = (
				DB0326A41B1743C10078AD9D /* 燕庐母婴.app */,
				DB0326B71B1743C10078AD9D /* 燕庐母婴Tests.xctest */,
			);
			name = Products;
			sourceTree = "<group>";
		};
		DB0326A61B1743C10078AD9D /* 燕庐母婴 */ = {
			isa = PBXGroup;
			children = (
				DB0326AB1B1743C10078AD9D /* AppDelegate.h */,
				DB0326AC1B1743C10078AD9D /* AppDelegate.m */,
				DB0326AE1B1743C10078AD9D /* Images.xcassets */,
				DB0326B01B1743C10078AD9D /* LaunchScreen.xib */,
				DB0326A71B1743C10078AD9D /* Supporting Files */,
			);
			path = "燕庐母婴";
			sourceTree = "<group>";
		};
		DB0326A71B1743C10078AD9D /* Supporting Files */ = {
			isa = PBXGroup;
			children = (
				DB0326A81B1743C10078AD9D /* Info.plist */,
				DB0326A91B1743C10078AD9D /* main.m */,
			);
			name = "Supporting Files";
			sourceTree = "<group>";
		};
		DB0326BA1B1743C10078AD9D /* 燕庐母婴Tests */ = {
			isa = PBXGroup;
			children = (
				DB0326BD1B1743C10078AD9D /* ____Tests.m */,
				DB0326BB1B1743C10078AD9D /* Supporting Files */,
			);
			path = "燕庐母婴Tests";
			sourceTree = "<group>";
		};
		DB0326BB1B1743C10078AD9D /* Supporting Files */ = {
			isa = PBXGroup;
			children = (
				DB0326BC1B1743C10078AD9D /* Info.plist */,
			);
			name = "Supporting Files";
			sourceTree = "<group>";
		};
/* End PBXGroup section */

/* Begin PBXNativeTarget section */
		DB0326A31B1743C10078AD9D /* 燕庐母婴 */ = {
			isa = PBXNativeTarget;
			buildConfigurationList = DB0326C11B1743C10078AD9D /* Build configuration list for PBXNativeTarget "燕庐母婴" */;
			buildPhases = (
				DB0326A01B1743C10078AD9D /* Sources */,
				DB0326A11B1743C10078AD9D /* Frameworks */,
				DB0326A21B1743C10078AD9D /* Resources */,
			);
			buildRules = (
			);
			dependencies = (
			);
			name = "燕庐母婴";
			productName = "燕庐母婴";
			productReference = DB0326A41B1743C10078AD9D /* 燕庐母婴.app */;
			productType = "com.apple.product-type.application";
		};
		DB0326B61B1743C10078AD9D /* 燕庐母婴Tests */ = {
			isa = PBXNativeTarget;
			buildConfigurationList = DB0326C41B1743C10078AD9D /* Build configuration list for PBXNativeTarget "燕庐母婴Tests" */;
			buildPhases = (
				DB0326B31B1743C10078AD9D /* Sources */,
				DB0326B41B1743C10078AD9D /* Frameworks */,
				DB0326B51B1743C10078AD9D /* Resources */,
			);
			buildRules = (
			);
			dependencies = (
				DB0326B91B1743C10078AD9D /* PBXTargetDependency */,
			);
			name = "燕庐母婴Tests";
			productName = "燕庐母婴Tests";
			productReference = DB0326B71B1743C10078AD9D /* 燕庐母婴Tests.xctest */;
			productType = "com.apple.product-type.bundle.unit-test";
		};
/* End PBXNativeTarget section */

/* Begin PBXProject section */
		DB03269C1B1743C00078AD9D /* Project object */ = {
			isa = PBXProject;
			attributes = {
				LastUpgradeCheck = 0610;
				ORGANIZATIONNAME = "燕庐科技";
				TargetAttributes = {
					DB0326A31B1743C10078AD9D = {
						CreatedOnToolsVersion = 6.1;
					};
					DB0326B61B1743C10078AD9D = {
						CreatedOnToolsVersion = 6.1;
						TestTargetID = DB0326A31B1743C10078AD9D;
					};
				};
			};
			buildConfigurationList = DB03269F1B1743C00078AD9D /* Build configuration list for PBXProject "燕庐母婴" */;
			compatibilityVersion = "Xcode 3.2";
			developmentRegion = English;
			hasScannedForEncodings = 0;
			knownRegions = (
				en,
				Base,
			);
			mainGroup = DB03269B1B1743C00078AD9D;
			productRefGroup = DB0326A51B1743C10078AD9D /* Products */;
			projectDirPath = "";
			projectRoot = "";
			targets = (
				DB0326A31B1743C10078AD9D /* 燕庐母婴 */,
				DB0326B61B1743C10078AD9D /* 燕庐母婴Tests */,
			);
		};
/* End PBXProject section */

/* Begin PBXResourcesBuildPhase section */
		DB0326A21B1743C10078AD9D /* Resources */ = {
			isa = PBXResourcesBuildPhase;
			buildActionMask = 2147483647;
			files = (
				DB0326B21B1743C10078AD9D /* LaunchScreen.xib in Resources */,
				DB0326AF1B1743C10078AD9D /* Images.xcassets in Resources */,
			);
			runOnlyForDeploymentPostprocessing = 0;
		};
		DB0326B51B1743C10078AD9D /* Resources */ = {
			isa = PBXResourcesBuildPhase;
			buildActionMask = 2147483647;
			files = (
			);
			runOnlyForDeploymentPostprocessing = 0;
		};
/* End PBXResourcesBuildPhase section */

/* Begin PBXSourcesBuildPhase section */
		DB0326A01B1743C10078AD9D /* Sources */ = {
			isa = PBXSourcesBuildPhase;
			buildActionMask = 2147483647;
			files = (
				DB0326AD1B1743C10078AD9D /* AppDelegate.m in Sources */,
				DB0326AA1B1743C10078AD9D /* main.m in Sources */,
			);
			runOnlyForDeploymentPostprocessing = 0;
		};
		DB0326B31B1743C10078AD9D /* Sources */ = {
			isa = PBXSourcesBuildPhase;
			buildActionMask = 2147483647;
			files = (
				DB0326BE1B1743C10078AD9D /* ____Tests.m in Sources */,
			);
			runOnlyForDeploymentPostprocessing = 0;
		};
/* End PBXSourcesBuildPhase section */

/* Begin PBXTargetDependency section */
		DB0326B91B1743C10078AD9D /* PBXTargetDependency */ = {
			isa = PBXTargetDependency;
			target = DB0326A31B1743C10078AD9D /* 燕庐母婴 */;
			targetProxy = DB0326B81B1743C10078AD9D /* PBXContainerItemProxy */;
		};
/* End PBXTargetDependency section */

/* Begin PBXVariantGroup section */
		DB0326B01B1743C10078AD9D /* LaunchScreen.xib */ = {
			isa = PBXVariantGroup;
			children = (
				DB0326B11B1743C10078AD9D /* Base */,
			);
			name = LaunchScreen.xib;
			sourceTree = "<group>";
		};
/* End PBXVariantGroup section */

/* Begin XCBuildConfiguration section */
		DB0326BF1B1743C10078AD9D /* Debug */ = {
			isa = XCBuildConfiguration;
			buildSettings = {
				ALWAYS_SEARCH_USER_PATHS = NO;
				CLANG_CXX_LANGUAGE_STANDARD = "gnu++0x";
				CLANG_CXX_LIBRARY = "libc++";
				CLANG_ENABLE_MODULES = YES;
				CLANG_ENABLE_OBJC_ARC = YES;
				CLANG_WARN_BOOL_CONVERSION = YES;
				CLANG_WARN_CONSTANT_CONVERSION = YES;
				CLANG_WARN_DIRECT_OBJC_ISA_USAGE = YES_ERROR;
				CLANG_WARN_EMPTY_BODY = YES;
				CLANG_WARN_ENUM_CONVERSION = YES;
				CLANG_WARN_INT_CONVERSION = YES;
				CLANG_WARN_OBJC_ROOT_CLASS = YES_ERROR;
				CLANG_WARN_UNREACHABLE_CODE = YES;
				CLANG_WARN__DUPLICATE_METHOD_MATCH = YES;
				"CODE_SIGN_IDENTITY[sdk=iphoneos*]" = "iPhone Developer";
				COPY_PHASE_STRIP = NO;
				ENABLE_STRICT_OBJC_MSGSEND = YES;
				GCC_C_LANGUAGE_STANDARD = gnu99;
				GCC_DYNAMIC_NO_PIC = NO;
				GCC_OPTIMIZATION_LEVEL = 0;
				GCC_PREPROCESSOR_DEFINITIONS = (
					"DEBUG=1",
					"$(inherited)",
				);
				GCC_SYMBOLS_PRIVATE_EXTERN = NO;
				GCC_WARN_64_TO_32_BIT_CONVERSION = YES;
				GCC_WARN_ABOUT_RETURN_TYPE = YES_ERROR;
				GCC_WARN_UNDECLARED_SELECTOR = YES;
				GCC_WARN_UNINITIALIZED_AUTOS = YES_AGGRESSIVE;
				GCC_WARN_UNUSED_FUNCTION = YES;
				GCC_WARN_UNUSED_VARIABLE = YES;
				IPHONEOS_DEPLOYMENT_TARGET = 8.1;
				MTL_ENABLE_DEBUG_INFO = YES;
				ONLY_ACTIVE_ARCH = YES;
				SDKROOT = iphoneos;
			};
			name = Debug;
		};
		DB0326C01B1743C10078AD9D /* Release */ = {
			isa = XCBuildConfiguration;
			buildSettings = {
				ALWAYS_SEARCH_USER_PATHS = NO;
				CLANG_CXX_LANGUAGE_STANDARD = "gnu++0x";
				CLANG_CXX_LIBRARY = "libc++";
				CLANG_ENABLE_MODULES = YES;
				CLANG_ENABLE_OBJC_ARC = YES;
				CLANG_WARN_BOOL_CONVERSION = YES;
				CLANG_WARN_CONSTANT_CONVERSION = YES;
				CLANG_WARN_DIRECT_OBJC_ISA_USAGE = YES_ERROR;
				CLANG_WARN_EMPTY_BODY = YES;
				CLANG_WARN_ENUM_CONVERSION = YES;
				CLANG_WARN_INT_CONVERSION = YES;
				CLANG_WARN_OBJC_ROOT_CLASS = YES_ERROR;
				CLANG_WARN_UNREACHABLE_CODE = YES;
				CLANG_WARN__DUPLICATE_METHOD_MATCH = YES;
				"CODE_SIGN_IDENTITY[sdk=iphoneos*]" = "iPhone Developer";
				COPY_PHASE_STRIP = YES;
				ENABLE_NS_ASSERTIONS = NO;
				ENABLE_STRICT_OBJC_MSGSEND = YES;
				GCC_C_LANGUAGE_STANDARD = gnu99;
				GCC_WARN_64_TO_32_BIT_CONVERSION = YES;
				GCC_WARN_ABOUT_RETURN_TYPE = YES_ERROR;
				GCC_WARN_UNDECLARED_SELECTOR = YES;
				GCC_WARN_UNINITIALIZED_AUTOS = YES_AGGRESSIVE;
				GCC_WARN_UNUSED_FUNCTION = YES;
				GCC_WARN_UNUSED_VARIABLE = YES;
				IPHONEOS_DEPLOYMENT_TARGET = 8.1;
				MTL_ENABLE_DEBUG_INFO = NO;
				SDKROOT = iphoneos;
				VALIDATE_PRODUCT = YES;
			};
			name = Release;
		};
		DB0326C21B1743C10078AD9D /* Debug */ = {
			isa = XCBuildConfiguration;
			buildSettings = {
				ASSETCATALOG_COMPILER_APPICON_NAME = AppIcon;
				INFOPLIST_FILE = "燕庐母婴/Info.plist";
				LD_RUNPATH_SEARCH_PATHS = "$(inherited) @executable_path/Frameworks";
				PRODUCT_NAME = "$(TARGET_NAME)";
			};
			name = Debug;
		};
		DB0326C31B1743C10078AD9D /* Release */ = {
			isa = XCBuildConfiguration;
			buildSettings = {
				ASSETCATALOG_COMPILER_APPICON_NAME = AppIcon;
				INFOPLIST_FILE = "燕庐母婴/Info.plist";
				LD_RUNPATH_SEARCH_PATHS = "$(inherited) @executable_path/Frameworks";
				PRODUCT_NAME = "$(TARGET_NAME)";
			};
			name = Release;
		};
		DB0326C51B1743C10078AD9D /* Debug */ = {
			isa = XCBuildConfiguration;
			buildSettings = {
				BUNDLE_LOADER = "$(TEST_HOST)";
				FRAMEWORK_SEARCH_PATHS = (
					"$(SDKROOT)/Developer/Library/Frameworks",
					"$(inherited)",
				);
				GCC_PREPROCESSOR_DEFINITIONS = (
					"DEBUG=1",
					"$(inherited)",
				);
				INFOPLIST_FILE = "燕庐母婴Tests/Info.plist";
				LD_RUNPATH_SEARCH_PATHS = "$(inherited) @executable_path/Frameworks @loader_path/Frameworks";
				PRODUCT_NAME = "$(TARGET_NAME)";
				TEST_HOST = "$(BUILT_PRODUCTS_DIR)/燕庐母婴.app/燕庐母婴";
			};
			name = Debug;
		};
		DB0326C61B1743C10078AD9D /* Release */ = {
			isa = XCBuildConfiguration;
			buildSettings = {
				BUNDLE_LOADER = "$(TEST_HOST)";
				FRAMEWORK_SEARCH_PATHS = (
					"$(SDKROOT)/Developer/Library/Frameworks",
					"$(inherited)",
				);
				INFOPLIST_FILE = "燕庐母婴Tests/Info.plist";
				LD_RUNPATH_SEARCH_PATHS = "$(inherited) @executable_path/Frameworks @loader_path/Frameworks";
				PRODUCT_NAME = "$(TARGET_NAME)";
				TEST_HOST = "$(BUILT_PRODUCTS_DIR)/燕庐母婴.app/燕庐母婴";
			};
			name = Release;
		};
/* End XCBuildConfiguration section */

/* Begin XCConfigurationList section */
		DB03269F1B1743C00078AD9D /* Build configuration list for PBXProject "燕庐母婴" */ = {
			isa = XCConfigurationList;
			buildConfigurations = (
				DB0326BF1B1743C10078AD9D /* Debug */,
				DB0326C01B1743C10078AD9D /* Release */,
			);
			defaultConfigurationIsVisible = 0;
			defaultConfigurationName = Release;
		};
		DB0326C11B1743C10078AD9D /* Build configuration list for PBXNativeTarget "燕庐母婴" */ = {
			isa = XCConfigurationList;
			buildConfigurations = (
				DB0326C21B1743C10078AD9D /* Debug */,
				DB0326C31B1743C10078AD9D /* Release */,
			);
			defaultConfigurationIsVisible = 0;
		};
		DB0326C41B1743C10078AD9D /* Build configuration list for PBXNativeTarget "燕庐母婴Tests" */ = {
			isa = XCConfigurationList;
			buildConfigurations = (
				DB0326C51B1743C10078AD9D /* Debug */,
				DB0326C61B1743C10078AD9D /* Release */,
			);
			defaultConfigurationIsVisible = 0;
		};
/* End XCConfigurationList section */
	};
	rootObject = DB03269C1B1743C00078AD9D /* Project object */;
}
